
Microsoft Visual Studio Solution File, Format Version 10.00
# Visual Studio 2008
Project("{FAE04EC0-301F-11D3-BF4B-00C04F79EFBC}") = "BirthdayCake", "BirthdayCake\BirthdayCake.csproj", "{B90590B6-08F6-439C-A6CD-E4599DAA410B}"
EndProject
Global
	GlobalSection(SolutionConfigurationPlatforms) = preSolution
		Debug|Any CPU = Debug|Any CPU
		Debug|Mixed Platforms = Debug|Mixed Platforms
		Debug|x86 = Debug|x86
		Release|Any CPU = Release|Any CPU
		Release|Mixed Platforms = Release|Mixed Platforms
		Release|x86 = Release|x86
	EndGlobalSection
	GlobalSection(ProjectConfigurationPlatforms) = postSolution
		{B90590B6-08F6-439C-A6CD-E4599DAA410B}.Debug|Any CPU.ActiveCfg = Debug|x86
		{B90590B6-08F6-439C-A6CD-E4599DAA410B}.Debug|Mixed Platforms.ActiveCfg = Debug|x86
		{B90590B6-08F6-439C-A6CD-E4599DAA410B}.Debug|Mixed Platforms.Build.0 = Debug|x86
		{B90590B6-08F6-439C-A6CD-E4599DAA410B}.Debug|x86.ActiveCfg = Debug|x86
		{B90590B6-08F6-439C-A6CD-E4599DAA410B}.Debug|x86.Build.0 = Debug|x86
		{B90590B6-08F6-439C-A6CD-E4599DAA410B}.Release|Any CPU.ActiveCfg = Release|x86
		{B90590B6-08F6-439C-A6CD-E4599DAA410B}.Release|Mixed Platforms.ActiveCfg = Release|x86
		{B90590B6-08F6-439C-A6CD-E4599DAA410B}.Release|Mixed Platforms.Build.0 = Release|x86
		{B90590B6-08F6-439C-A6CD-E4599DAA410B}.Release|x86.ActiveCfg = Release|x86
		{B90590B6-08F6-439C-A6CD-E4599DAA410B}.Release|x86.Build.0 = Release|x86
		{0B71F6FB-2D58-42BE-9030-7338CD761CB0}.Debug|Any CPU.ActiveCfg = Debug|x86
		{0B71F6FB-2D58-42BE-9030-7338CD761CB0}.Debug|Mixed Platforms.ActiveCfg = Debug|x86
		{0B71F6FB-2D58-42BE-9030-7338CD761CB0}.Debug|x86.ActiveCfg = Debug|x86
		{0B71F6FB-2D58-42BE-9030-7338CD761CB0}.Release|Any CPU.ActiveCfg = Release|x86
		{0B71F6FB-2D58-42BE-9030-7338CD761CB0}.Release|Mixed Platforms.ActiveCfg = Release|x86
		{0B71F6FB-2D58-42BE-9030-7338CD761CB0}.Release|x86.ActiveCfg = Release|x86
	EndGlobalSection
	GlobalSection(SolutionProperties) = preSolution
		HideSolutionNode = FALSE
	EndGlobalSection
EndGlobal
